
Microsoft Visual Studio Solution File, Format Version 12.00
# Visual Studio Version 16
VisualStudioVersion = 16.0.30711.63
MinimumVisualStudioVersion = 10.0.40219.1
Project("{9A19103F-16F7-4668-BE54-9A1E7A4F7556}") = "MyShop.API", "MyShop.API\MyShop.API.csproj", "{5BDE4416-44FC-4BF5-8F2B-25DF8A9104C1}"
EndProject
Project("{9A19103F-16F7-4668-BE54-9A1E7A4F7556}") = "MyShop.API.Contracts", "MyShop.API.Contracts\MyShop.API.Contracts.csproj", "{37D8FF21-0060-4A2B-BE29-B2B161AAAB43}"
EndProject
Project("{FAE04EC0-301F-11D3-BF4B-00C04F79EFBC}") = "MyShop.API.IntegrationTests", "MyShop.API.IntegrationTests\MyShop.API.IntegrationTests.csproj", "{F2476809-DDB5-4678-AB96-BA504687C6BF}"
EndProject
Global
	GlobalSection(SolutionConfigurationPlatforms) = preSolution
		Debug|Any CPU = Debug|Any CPU
		Release|Any CPU = Release|Any CPU
	EndGlobalSection
	GlobalSection(ProjectConfigurationPlatforms) = postSolution
		{5BDE4416-44FC-4BF5-8F2B-25DF8A9104C1}.Debug|Any CPU.ActiveCfg = Debug|Any CPU
		{5BDE4416-44FC-4BF5-8F2B-25DF8A9104C1}.Debug|Any CPU.Build.0 = Debug|Any CPU
		{5BDE4416-44FC-4BF5-8F2B-25DF8A9104C1}.Release|Any CPU.ActiveCfg = Release|Any CPU
		{5BDE4416-44FC-4BF5-8F2B-25DF8A9104C1}.Release|Any CPU.Build.0 = Release|Any CPU
		{37D8FF21-0060-4A2B-BE29-B2B161AAAB43}.Debug|Any CPU.ActiveCfg = Debug|Any CPU
		{37D8FF21-0060-4A2B-BE29-B2B161AAAB43}.Debug|Any CPU.Build.0 = Debug|Any CPU
		{37D8FF21-0060-4A2B-BE29-B2B161AAAB43}.Release|Any CPU.ActiveCfg = Release|Any CPU
		{37D8FF21-0060-4A2B-BE29-B2B161AAAB43}.Release|Any CPU.Build.0 = Release|Any CPU
		{F2476809-DDB5-4678-AB96-BA504687C6BF}.Debug|Any CPU.ActiveCfg = Debug|Any CPU
		{F2476809-DDB5-4678-AB96-BA504687C6BF}.Debug|Any CPU.Build.0 = Debug|Any CPU
		{F2476809-DDB5-4678-AB96-BA504687C6BF}.Release|Any CPU.ActiveCfg = Release|Any CPU
		{F2476809-DDB5-4678-AB96-BA504687C6BF}.Release|Any CPU.Build.0 = Release|Any CPU
	EndGlobalSection
	GlobalSection(SolutionProperties) = preSolution
		HideSolutionNode = FALSE
	EndGlobalSection
	GlobalSection(ExtensibilityGlobals) = postSolution
		SolutionGuid = {1BA9A290-26C4-4521-AB57-E1EFC0D71180}
	EndGlobalSection
EndGlobal
