
Microsoft Visual Studio Solution File, Format Version 12.00
# Visual Studio Version 16
VisualStudioVersion = 16.0.30711.63
MinimumVisualStudioVersion = 10.0.40219.1
Project("{FAE04EC0-301F-11D3-BF4B-00C04F79EFBC}") = "MyShop.API", "MyShop.API\MyShop.API.csproj", "{5BDE4416-44FC-4BF5-8F2B-25DF8A9104C1}"
EndProject
Global
	GlobalSection(SolutionConfigurationPlatforms) = preSolution
		Debug|Any CPU = Debug|Any CPU
		Release|Any CPU = Release|Any CPU
	EndGlobalSection
	GlobalSection(ProjectConfigurationPlatforms) = postSolution
		{5BDE4416-44FC-4BF5-8F2B-25DF8A9104C1}.Debug|Any CPU.ActiveCfg = Debug|Any CPU
		{5BDE4416-44FC-4BF5-8F2B-25DF8A9104C1}.Debug|Any CPU.Build.0 = Debug|Any CPU
		{5BDE4416-44FC-4BF5-8F2B-25DF8A9104C1}.Release|Any CPU.ActiveCfg = Release|Any CPU
		{5BDE4416-44FC-4BF5-8F2B-25DF8A9104C1}.Release|Any CPU.Build.0 = Release|Any CPU
	EndGlobalSection
	GlobalSection(SolutionProperties) = preSolution
		HideSolutionNode = FALSE
	EndGlobalSection
	GlobalSection(ExtensibilityGlobals) = postSolution
		SolutionGuid = {1BA9A290-26C4-4521-AB57-E1EFC0D71180}
	EndGlobalSection
EndGlobal
